
Microsoft Visual Studio Solution File, Format Version 12.00
# Visual Studio Version 17
VisualStudioVersion = 17.1.32319.34
MinimumVisualStudioVersion = 10.0.40219.1
Project("{FAE04EC0-301F-11D3-BF4B-00C04F79EFBC}") = "JokesWebApp", "JokesWebApp.csproj", "{38AD30CD-2E67-44C2-8298-1874D45114BE}"
EndProject
Global
	GlobalSection(SolutionConfigurationPlatforms) = preSolution
		Debug|Any CPU = Debug|Any CPU
		Release|Any CPU = Release|Any CPU
	EndGlobalSection
	GlobalSection(ProjectConfigurationPlatforms) = postSolution
		{38AD30CD-2E67-44C2-8298-1874D45114BE}.Debug|Any CPU.ActiveCfg = Debug|Any CPU
		{38AD30CD-2E67-44C2-8298-1874D45114BE}.Debug|Any CPU.Build.0 = Debug|Any CPU
		{38AD30CD-2E67-44C2-8298-1874D45114BE}.Release|Any CPU.ActiveCfg = Release|Any CPU
		{38AD30CD-2E67-44C2-8298-1874D45114BE}.Release|Any CPU.Build.0 = Release|Any CPU
	EndGlobalSection
	GlobalSection(SolutionProperties) = preSolution
		HideSolutionNode = FALSE
	EndGlobalSection
	GlobalSection(ExtensibilityGlobals) = postSolution
		SolutionGuid = {45C70833-9247-4E9F-9140-D73BBA124939}
	EndGlobalSection
EndGlobal
